
Microsoft Visual Studio Solution File, Format Version 12.00
# Visual Studio 14
VisualStudioVersion = 14.0.25420.1
MinimumVisualStudioVersion = 10.0.40219.1
Project("{FAE04EC0-301F-11D3-BF4B-00C04F79EFBC}") = "Core", "Core\Core.csproj", "{C1C89078-00E7-40AD-85B6-0A8ACB8DA335}"
EndProject
Project("{FAE04EC0-301F-11D3-BF4B-00C04F79EFBC}") = "Extensions", "Extensions\Extensions.csproj", "{FCB24E3E-AA4A-4B26-B9F5-2511E54F32B1}"
EndProject
Project("{FAE04EC0-301F-11D3-BF4B-00C04F79EFBC}") = "MainApplication", "MainApplication\MainApplication.csproj", "{4449B4D5-938E-46D7-AFFD-A0887FC07341}"
EndProject
Global
	GlobalSection(SolutionConfigurationPlatforms) = preSolution
		Debug|Any CPU = Debug|Any CPU
		Release|Any CPU = Release|Any CPU
	EndGlobalSection
	GlobalSection(ProjectConfigurationPlatforms) = postSolution
		{C1C89078-00E7-40AD-85B6-0A8ACB8DA335}.Debug|Any CPU.ActiveCfg = Debug|Any CPU
		{C1C89078-00E7-40AD-85B6-0A8ACB8DA335}.Debug|Any CPU.Build.0 = Debug|Any CPU
		{C1C89078-00E7-40AD-85B6-0A8ACB8DA335}.Release|Any CPU.ActiveCfg = Release|Any CPU
		{C1C89078-00E7-40AD-85B6-0A8ACB8DA335}.Release|Any CPU.Build.0 = Release|Any CPU
		{FCB24E3E-AA4A-4B26-B9F5-2511E54F32B1}.Debug|Any CPU.ActiveCfg = Debug|Any CPU
		{FCB24E3E-AA4A-4B26-B9F5-2511E54F32B1}.Debug|Any CPU.Build.0 = Debug|Any CPU
		{FCB24E3E-AA4A-4B26-B9F5-2511E54F32B1}.Release|Any CPU.ActiveCfg = Release|Any CPU
		{FCB24E3E-AA4A-4B26-B9F5-2511E54F32B1}.Release|Any CPU.Build.0 = Release|Any CPU
		{4449B4D5-938E-46D7-AFFD-A0887FC07341}.Debug|Any CPU.ActiveCfg = Debug|Any CPU
		{4449B4D5-938E-46D7-AFFD-A0887FC07341}.Debug|Any CPU.Build.0 = Debug|Any CPU
		{4449B4D5-938E-46D7-AFFD-A0887FC07341}.Release|Any CPU.ActiveCfg = Release|Any CPU
		{4449B4D5-938E-46D7-AFFD-A0887FC07341}.Release|Any CPU.Build.0 = Release|Any CPU
	EndGlobalSection
	GlobalSection(SolutionProperties) = preSolution
		HideSolutionNode = FALSE
	EndGlobalSection
EndGlobal
