
Microsoft Visual Studio Solution File, Format Version 12.00
# Visual Studio 14
VisualStudioVersion = 14.0.25420.1
MinimumVisualStudioVersion = 10.0.40219.1
Project("{FAE04EC0-301F-11D3-BF4B-00C04F79EFBC}") = "Cloudflow.Core", "Cloudflow.Core\Cloudflow.Core.csproj", "{AD7BE488-ACF7-4664-B6F5-73171F8BA8A7}"
EndProject
Project("{FAE04EC0-301F-11D3-BF4B-00C04F79EFBC}") = "Cloudflow.Web", "Cloudflow.Web\Cloudflow.Web.csproj", "{3A8ADA6A-1D8D-4693-B81E-590A22A756B0}"
EndProject
Project("{FAE04EC0-301F-11D3-BF4B-00C04F79EFBC}") = "Cloudflow.Agent.Setup", "Cloudflow.Agent.Setup\Cloudflow.Agent.Setup.csproj", "{55B9DC57-A500-44B4-841D-172FB091E243}"
EndProject
Project("{FAE04EC0-301F-11D3-BF4B-00C04F79EFBC}") = "Cloudflow.Agent.Desktop", "Cloudflow.Agent.Desktop\Cloudflow.Agent.Desktop.csproj", "{58160A70-66A4-475E-8B6C-EA64E0168A0A}"
EndProject
Project("{FAE04EC0-301F-11D3-BF4B-00C04F79EFBC}") = "Cloudflow.Agent.WindowsService", "Cloudflow.Agent.WindowsService\Cloudflow.Agent.WindowsService.csproj", "{5EB8C218-86B0-4592-8A21-92996953C71B}"
EndProject
Project("{2150E333-8FDC-42A3-9474-1A3956D46DE8}") = "Solution Items", "Solution Items", "{4B44D5C6-EBF6-4F6E-8BDA-A36198C71AC6}"
	ProjectSection(SolutionItems) = preProject
		TODO.txt = TODO.txt
	EndProjectSection
EndProject
Project("{FAE04EC0-301F-11D3-BF4B-00C04F79EFBC}") = "TestApp", "TestApp\TestApp.csproj", "{72A60B3D-9172-42C1-94BA-6EBFA4906931}"
EndProject
Project("{FAE04EC0-301F-11D3-BF4B-00C04F79EFBC}") = "Cloudflow.Extensions", "Cloudflow.Extensions\Cloudflow.Extensions.csproj", "{CF222B71-2B42-4B3B-8D41-BCC793B2E2E2}"
EndProject
Global
	GlobalSection(SolutionConfigurationPlatforms) = preSolution
		Debug|Any CPU = Debug|Any CPU
		Release|Any CPU = Release|Any CPU
	EndGlobalSection
	GlobalSection(ProjectConfigurationPlatforms) = postSolution
		{AD7BE488-ACF7-4664-B6F5-73171F8BA8A7}.Debug|Any CPU.ActiveCfg = Debug|Any CPU
		{AD7BE488-ACF7-4664-B6F5-73171F8BA8A7}.Debug|Any CPU.Build.0 = Debug|Any CPU
		{AD7BE488-ACF7-4664-B6F5-73171F8BA8A7}.Release|Any CPU.ActiveCfg = Release|Any CPU
		{AD7BE488-ACF7-4664-B6F5-73171F8BA8A7}.Release|Any CPU.Build.0 = Release|Any CPU
		{3A8ADA6A-1D8D-4693-B81E-590A22A756B0}.Debug|Any CPU.ActiveCfg = Debug|Any CPU
		{3A8ADA6A-1D8D-4693-B81E-590A22A756B0}.Debug|Any CPU.Build.0 = Debug|Any CPU
		{3A8ADA6A-1D8D-4693-B81E-590A22A756B0}.Release|Any CPU.ActiveCfg = Release|Any CPU
		{3A8ADA6A-1D8D-4693-B81E-590A22A756B0}.Release|Any CPU.Build.0 = Release|Any CPU
		{55B9DC57-A500-44B4-841D-172FB091E243}.Debug|Any CPU.ActiveCfg = Debug|Any CPU
		{55B9DC57-A500-44B4-841D-172FB091E243}.Debug|Any CPU.Build.0 = Debug|Any CPU
		{55B9DC57-A500-44B4-841D-172FB091E243}.Release|Any CPU.ActiveCfg = Release|Any CPU
		{55B9DC57-A500-44B4-841D-172FB091E243}.Release|Any CPU.Build.0 = Release|Any CPU
		{58160A70-66A4-475E-8B6C-EA64E0168A0A}.Debug|Any CPU.ActiveCfg = Debug|Any CPU
		{58160A70-66A4-475E-8B6C-EA64E0168A0A}.Debug|Any CPU.Build.0 = Debug|Any CPU
		{58160A70-66A4-475E-8B6C-EA64E0168A0A}.Release|Any CPU.ActiveCfg = Release|Any CPU
		{58160A70-66A4-475E-8B6C-EA64E0168A0A}.Release|Any CPU.Build.0 = Release|Any CPU
		{5EB8C218-86B0-4592-8A21-92996953C71B}.Debug|Any CPU.ActiveCfg = Debug|Any CPU
		{5EB8C218-86B0-4592-8A21-92996953C71B}.Debug|Any CPU.Build.0 = Debug|Any CPU
		{5EB8C218-86B0-4592-8A21-92996953C71B}.Release|Any CPU.ActiveCfg = Release|Any CPU
		{5EB8C218-86B0-4592-8A21-92996953C71B}.Release|Any CPU.Build.0 = Release|Any CPU
		{72A60B3D-9172-42C1-94BA-6EBFA4906931}.Debug|Any CPU.ActiveCfg = Debug|Any CPU
		{72A60B3D-9172-42C1-94BA-6EBFA4906931}.Debug|Any CPU.Build.0 = Debug|Any CPU
		{72A60B3D-9172-42C1-94BA-6EBFA4906931}.Release|Any CPU.ActiveCfg = Release|Any CPU
		{72A60B3D-9172-42C1-94BA-6EBFA4906931}.Release|Any CPU.Build.0 = Release|Any CPU
		{CF222B71-2B42-4B3B-8D41-BCC793B2E2E2}.Debug|Any CPU.ActiveCfg = Debug|Any CPU
		{CF222B71-2B42-4B3B-8D41-BCC793B2E2E2}.Debug|Any CPU.Build.0 = Debug|Any CPU
		{CF222B71-2B42-4B3B-8D41-BCC793B2E2E2}.Release|Any CPU.ActiveCfg = Release|Any CPU
		{CF222B71-2B42-4B3B-8D41-BCC793B2E2E2}.Release|Any CPU.Build.0 = Release|Any CPU
	EndGlobalSection
	GlobalSection(SolutionProperties) = preSolution
		HideSolutionNode = FALSE
	EndGlobalSection
EndGlobal
